
Microsoft Visual Studio Solution File, Format Version 12.00
# Visual Studio Version 17
VisualStudioVersion = 17.9.34616.47
MinimumVisualStudioVersion = 10.0.40219.1
Project("{FAE04EC0-301F-11D3-BF4B-00C04F79EFBC}") = "WebApi", "WebApi\WebApi.csproj", "{1525F566-40CE-47F5-989D-2096105255E7}"
EndProject
Project("{FAE04EC0-301F-11D3-BF4B-00C04F79EFBC}") = "Business", "Business\Business.csproj", "{D65861D9-F695-4020-B81C-955FCE08544C}"
EndProject
Project("{FAE04EC0-301F-11D3-BF4B-00C04F79EFBC}") = "DataAccess", "DataAccess\DataAccess.csproj", "{BD0FC063-4663-419B-BE13-334A1F5CEB8E}"
EndProject
Project("{FAE04EC0-301F-11D3-BF4B-00C04F79EFBC}") = "Entities", "Entities\Entities.csproj", "{00ABE398-C762-46AE-ABDA-C38E8E840FF4}"
EndProject
Project("{FAE04EC0-301F-11D3-BF4B-00C04F79EFBC}") = "Core", "Core\Core.csproj", "{8F3DAECB-D284-4D59-9165-6B09B399E864}"
EndProject
Global
	GlobalSection(SolutionConfigurationPlatforms) = preSolution
		Debug|Any CPU = Debug|Any CPU
		Release|Any CPU = Release|Any CPU
	EndGlobalSection
	GlobalSection(ProjectConfigurationPlatforms) = postSolution
		{1525F566-40CE-47F5-989D-2096105255E7}.Debug|Any CPU.ActiveCfg = Debug|Any CPU
		{1525F566-40CE-47F5-989D-2096105255E7}.Debug|Any CPU.Build.0 = Debug|Any CPU
		{1525F566-40CE-47F5-989D-2096105255E7}.Release|Any CPU.ActiveCfg = Release|Any CPU
		{1525F566-40CE-47F5-989D-2096105255E7}.Release|Any CPU.Build.0 = Release|Any CPU
		{D65861D9-F695-4020-B81C-955FCE08544C}.Debug|Any CPU.ActiveCfg = Debug|Any CPU
		{D65861D9-F695-4020-B81C-955FCE08544C}.Debug|Any CPU.Build.0 = Debug|Any CPU
		{D65861D9-F695-4020-B81C-955FCE08544C}.Release|Any CPU.ActiveCfg = Release|Any CPU
		{D65861D9-F695-4020-B81C-955FCE08544C}.Release|Any CPU.Build.0 = Release|Any CPU
		{BD0FC063-4663-419B-BE13-334A1F5CEB8E}.Debug|Any CPU.ActiveCfg = Debug|Any CPU
		{BD0FC063-4663-419B-BE13-334A1F5CEB8E}.Debug|Any CPU.Build.0 = Debug|Any CPU
		{BD0FC063-4663-419B-BE13-334A1F5CEB8E}.Release|Any CPU.ActiveCfg = Release|Any CPU
		{BD0FC063-4663-419B-BE13-334A1F5CEB8E}.Release|Any CPU.Build.0 = Release|Any CPU
		{00ABE398-C762-46AE-ABDA-C38E8E840FF4}.Debug|Any CPU.ActiveCfg = Debug|Any CPU
		{00ABE398-C762-46AE-ABDA-C38E8E840FF4}.Debug|Any CPU.Build.0 = Debug|Any CPU
		{00ABE398-C762-46AE-ABDA-C38E8E840FF4}.Release|Any CPU.ActiveCfg = Release|Any CPU
		{00ABE398-C762-46AE-ABDA-C38E8E840FF4}.Release|Any CPU.Build.0 = Release|Any CPU
		{8F3DAECB-D284-4D59-9165-6B09B399E864}.Debug|Any CPU.ActiveCfg = Debug|Any CPU
		{8F3DAECB-D284-4D59-9165-6B09B399E864}.Debug|Any CPU.Build.0 = Debug|Any CPU
		{8F3DAECB-D284-4D59-9165-6B09B399E864}.Release|Any CPU.ActiveCfg = Release|Any CPU
		{8F3DAECB-D284-4D59-9165-6B09B399E864}.Release|Any CPU.Build.0 = Release|Any CPU
	EndGlobalSection
	GlobalSection(SolutionProperties) = preSolution
		HideSolutionNode = FALSE
	EndGlobalSection
	GlobalSection(ExtensibilityGlobals) = postSolution
		SolutionGuid = {4BB2DFB9-5247-4B03-9B29-FB7501206563}
	EndGlobalSection
EndGlobal
